
Microsoft Visual Studio Solution File, Format Version 12.00
# Visual Studio 15
VisualStudioVersion = 15.0.28307.329
MinimumVisualStudioVersion = 10.0.40219.1
Project("{9A19103F-16F7-4668-BE54-9A1E7A4F7556}") = "ImportBlocks", "ImportBlocks\ImportBlocks.csproj", "{82AA1B82-3E2A-4C39-A024-5B13C2DF81A5}"
EndProject
Project("{9A19103F-16F7-4668-BE54-9A1E7A4F7556}") = "ApplicationLogs", "ApplicationLogs\ApplicationLogs.csproj", "{6DB0EFB3-8FE7-42E7-A05D-1C160439A84F}"
EndProject
Project("{9A19103F-16F7-4668-BE54-9A1E7A4F7556}") = "RpcSecurity", "RpcSecurity\RpcSecurity.csproj", "{1931F6B4-1AB6-44CA-A4E9-0C80316DDA2D}"
EndProject
Project("{9A19103F-16F7-4668-BE54-9A1E7A4F7556}") = "SimplePolicy", "SimplePolicy\SimplePolicy.csproj", "{1311FE2B-0328-44DD-AD3A-E9F0384527DD}"
EndProject
Project("{9A19103F-16F7-4668-BE54-9A1E7A4F7556}") = "StatesDumper", "StatesDumper\StatesDumper.csproj", "{79D310B1-4111-4290-A114-241857A1A7D7}"
EndProject
Project("{9A19103F-16F7-4668-BE54-9A1E7A4F7556}") = "RecordToMongo", "RecordToMongo\RecordToMongo.csproj", "{35DE3B64-0FF1-4D97-8E73-381A5CA41AAC}"
EndProject
Project("{FAE04EC0-301F-11D3-BF4B-00C04F79EFBC}") = "RestoreDB", "RestoreDB\RestoreDB.csproj", "{F23F800A-6C59-4BA8-A41C-31AB4AE71E50}"
EndProject
Global
	GlobalSection(SolutionConfigurationPlatforms) = preSolution
		Debug|Any CPU = Debug|Any CPU
		Release|Any CPU = Release|Any CPU
	EndGlobalSection
	GlobalSection(ProjectConfigurationPlatforms) = postSolution
		{82AA1B82-3E2A-4C39-A024-5B13C2DF81A5}.Debug|Any CPU.ActiveCfg = Debug|Any CPU
		{82AA1B82-3E2A-4C39-A024-5B13C2DF81A5}.Debug|Any CPU.Build.0 = Debug|Any CPU
		{82AA1B82-3E2A-4C39-A024-5B13C2DF81A5}.Release|Any CPU.ActiveCfg = Release|Any CPU
		{82AA1B82-3E2A-4C39-A024-5B13C2DF81A5}.Release|Any CPU.Build.0 = Release|Any CPU
		{6DB0EFB3-8FE7-42E7-A05D-1C160439A84F}.Debug|Any CPU.ActiveCfg = Debug|Any CPU
		{6DB0EFB3-8FE7-42E7-A05D-1C160439A84F}.Debug|Any CPU.Build.0 = Debug|Any CPU
		{6DB0EFB3-8FE7-42E7-A05D-1C160439A84F}.Release|Any CPU.ActiveCfg = Release|Any CPU
		{6DB0EFB3-8FE7-42E7-A05D-1C160439A84F}.Release|Any CPU.Build.0 = Release|Any CPU
		{1931F6B4-1AB6-44CA-A4E9-0C80316DDA2D}.Debug|Any CPU.ActiveCfg = Debug|Any CPU
		{1931F6B4-1AB6-44CA-A4E9-0C80316DDA2D}.Debug|Any CPU.Build.0 = Debug|Any CPU
		{1931F6B4-1AB6-44CA-A4E9-0C80316DDA2D}.Release|Any CPU.ActiveCfg = Release|Any CPU
		{1931F6B4-1AB6-44CA-A4E9-0C80316DDA2D}.Release|Any CPU.Build.0 = Release|Any CPU
		{1311FE2B-0328-44DD-AD3A-E9F0384527DD}.Debug|Any CPU.ActiveCfg = Debug|Any CPU
		{1311FE2B-0328-44DD-AD3A-E9F0384527DD}.Debug|Any CPU.Build.0 = Debug|Any CPU
		{1311FE2B-0328-44DD-AD3A-E9F0384527DD}.Release|Any CPU.ActiveCfg = Release|Any CPU
		{1311FE2B-0328-44DD-AD3A-E9F0384527DD}.Release|Any CPU.Build.0 = Release|Any CPU
		{79D310B1-4111-4290-A114-241857A1A7D7}.Debug|Any CPU.ActiveCfg = Debug|Any CPU
		{79D310B1-4111-4290-A114-241857A1A7D7}.Debug|Any CPU.Build.0 = Debug|Any CPU
		{79D310B1-4111-4290-A114-241857A1A7D7}.Release|Any CPU.ActiveCfg = Release|Any CPU
		{79D310B1-4111-4290-A114-241857A1A7D7}.Release|Any CPU.Build.0 = Release|Any CPU
		{35DE3B64-0FF1-4D97-8E73-381A5CA41AAC}.Debug|Any CPU.ActiveCfg = Debug|Any CPU
		{35DE3B64-0FF1-4D97-8E73-381A5CA41AAC}.Debug|Any CPU.Build.0 = Debug|Any CPU
		{35DE3B64-0FF1-4D97-8E73-381A5CA41AAC}.Release|Any CPU.ActiveCfg = Release|Any CPU
		{35DE3B64-0FF1-4D97-8E73-381A5CA41AAC}.Release|Any CPU.Build.0 = Release|Any CPU
		{F23F800A-6C59-4BA8-A41C-31AB4AE71E50}.Debug|Any CPU.ActiveCfg = Debug|Any CPU
		{F23F800A-6C59-4BA8-A41C-31AB4AE71E50}.Debug|Any CPU.Build.0 = Debug|Any CPU
		{F23F800A-6C59-4BA8-A41C-31AB4AE71E50}.Release|Any CPU.ActiveCfg = Release|Any CPU
		{F23F800A-6C59-4BA8-A41C-31AB4AE71E50}.Release|Any CPU.Build.0 = Release|Any CPU
	EndGlobalSection
	GlobalSection(SolutionProperties) = preSolution
		HideSolutionNode = FALSE
	EndGlobalSection
	GlobalSection(ExtensibilityGlobals) = postSolution
		SolutionGuid = {2F08678C-C447-40A5-AB52-AF6D89A50B17}
	EndGlobalSection
EndGlobal
